// !$*UTF8*$!
{
	archiveVersion = 1;
	classes = {
	};
	objectVersion = 52;
	objects = {

/* Begin PBXBuildFile section */
		D16D561726B5ED4E004B33B6 /* AppDelegate.swift in Sources */ = {isa = PBXBuildFile; fileRef = D16D561626B5ED4E004B33B6 /* AppDelegate.swift */; };
		D16D561926B5ED4E004B33B6 /* SceneDelegate.swift in Sources */ = {isa = PBXBuildFile; fileRef = D16D561826B5ED4E004B33B6 /* SceneDelegate.swift */; };
		D16D561B26B5ED4E004B33B6 /* ListViewController.swift in Sources */ = {isa = PBXBuildFile; fileRef = D16D561A26B5ED4E004B33B6 /* ListViewController.swift */; };
		D16D562026B5ED52004B33B6 /* Assets.xcassets in Resources */ = {isa = PBXBuildFile; fileRef = D16D561F26B5ED52004B33B6 /* Assets.xcassets */; };
		D16D562326B5ED52004B33B6 /* LaunchScreen.storyboard in Resources */ = {isa = PBXBuildFile; fileRef = D16D562126B5ED52004B33B6 /* LaunchScreen.storyboard */; };
		D16D562E26B5ED52004B33B6 /* UrlBuilderTests.swift in Sources */ = {isa = PBXBuildFile; fileRef = D16D562D26B5ED52004B33B6 /* UrlBuilderTests.swift */; };
		D16D564926B5F0EA004B33B6 /* Layout.swift in Sources */ = {isa = PBXBuildFile; fileRef = D16D564826B5F0EA004B33B6 /* Layout.swift */; };
		D16D564F26B5F23D004B33B6 /* Earthquake.swift in Sources */ = {isa = PBXBuildFile; fileRef = D16D564E26B5F23D004B33B6 /* Earthquake.swift */; };
		D16D565826B5F3D7004B33B6 /* BaseViewController.swift in Sources */ = {isa = PBXBuildFile; fileRef = D16D565726B5F3D7004B33B6 /* BaseViewController.swift */; };
		D16D565A26B5F3EC004B33B6 /* Router.swift in Sources */ = {isa = PBXBuildFile; fileRef = D16D565926B5F3EB004B33B6 /* Router.swift */; };
		D16D565C26B5F41C004B33B6 /* MainRouter.swift in Sources */ = {isa = PBXBuildFile; fileRef = D16D565B26B5F41C004B33B6 /* MainRouter.swift */; };
		D16D565E26B5F441004B33B6 /* Assembly.swift in Sources */ = {isa = PBXBuildFile; fileRef = D16D565D26B5F441004B33B6 /* Assembly.swift */; };
		D16D566026B5F4DC004B33B6 /* ListRouter.swift in Sources */ = {isa = PBXBuildFile; fileRef = D16D565F26B5F4DC004B33B6 /* ListRouter.swift */; };
		D16D566226B5F55D004B33B6 /* ListViewModel.swift in Sources */ = {isa = PBXBuildFile; fileRef = D16D566126B5F55D004B33B6 /* ListViewModel.swift */; };
		D16D566426B5F8C2004B33B6 /* ListView.swift in Sources */ = {isa = PBXBuildFile; fileRef = D16D566326B5F8C2004B33B6 /* ListView.swift */; };
		D16D566626B60174004B33B6 /* NetworkService.swift in Sources */ = {isa = PBXBuildFile; fileRef = D16D566526B60174004B33B6 /* NetworkService.swift */; };
		D16D566C26B606B4004B33B6 /* CombineCocoa in Frameworks */ = {isa = PBXBuildFile; productRef = D16D566B26B606B4004B33B6 /* CombineCocoa */; };
		D16D566E26B70DC0004B33B6 /* RequestBuilder.swift in Sources */ = {isa = PBXBuildFile; fileRef = D16D566D26B70DC0004B33B6 /* RequestBuilder.swift */; };
		D16D567026B72767004B33B6 /* EarthquakeEndpoint.swift in Sources */ = {isa = PBXBuildFile; fileRef = D16D566F26B72767004B33B6 /* EarthquakeEndpoint.swift */; };
		D16D567426B72FFC004B33B6 /* NetworkSession.swift in Sources */ = {isa = PBXBuildFile; fileRef = D16D567326B72FFC004B33B6 /* NetworkSession.swift */; };
		D16D567626B7305E004B33B6 /* NetworkError.swift in Sources */ = {isa = PBXBuildFile; fileRef = D16D567526B7305E004B33B6 /* NetworkError.swift */; };
		D16D567826B73825004B33B6 /* EarthquakeService.swift in Sources */ = {isa = PBXBuildFile; fileRef = D16D567726B73825004B33B6 /* EarthquakeService.swift */; };
		D16D567B26B80AA7004B33B6 /* EarthquakeTableViewCell.swift in Sources */ = {isa = PBXBuildFile; fileRef = D16D567A26B80AA7004B33B6 /* EarthquakeTableViewCell.swift */; };
		D16D568126B87432004B33B6 /* Font.swift in Sources */ = {isa = PBXBuildFile; fileRef = D16D568026B87432004B33B6 /* Font.swift */; };
		D16D568326B87BCC004B33B6 /* DetailsRouter.swift in Sources */ = {isa = PBXBuildFile; fileRef = D16D568226B87BCC004B33B6 /* DetailsRouter.swift */; };
		D16D568526B87C46004B33B6 /* DetailsViewModel.swift in Sources */ = {isa = PBXBuildFile; fileRef = D16D568426B87C46004B33B6 /* DetailsViewModel.swift */; };
		D16D568726B87C77004B33B6 /* DetailsViewController.swift in Sources */ = {isa = PBXBuildFile; fileRef = D16D568626B87C77004B33B6 /* DetailsViewController.swift */; };
		D16D568A26B88EF0004B33B6 /* Annotation.swift in Sources */ = {isa = PBXBuildFile; fileRef = D16D568926B88EF0004B33B6 /* Annotation.swift */; };
		D16D568C26B93992004B33B6 /* ViewModelTests.swift in Sources */ = {isa = PBXBuildFile; fileRef = D16D568B26B93992004B33B6 /* ViewModelTests.swift */; };
		D16D568E26B945DD004B33B6 /* ApiTests.swift in Sources */ = {isa = PBXBuildFile; fileRef = D16D568D26B945DD004B33B6 /* ApiTests.swift */; };
/* End PBXBuildFile section */

/* Begin PBXContainerItemProxy section */
		D16D562A26B5ED52004B33B6 /* PBXContainerItemProxy */ = {
			isa = PBXContainerItemProxy;
			containerPortal = D16D560B26B5ED4E004B33B6 /* Project object */;
			proxyType = 1;
			remoteGlobalIDString = D16D561226B5ED4E004B33B6;
			remoteInfo = Earthquakes;
		};
/* End PBXContainerItemProxy section */

/* Begin PBXFileReference section */
		D16D561326B5ED4E004B33B6 /* Earthquakes.app */ = {isa = PBXFileReference; explicitFileType = wrapper.application; includeInIndex = 0; path = Earthquakes.app; sourceTree = BUILT_PRODUCTS_DIR; };
		D16D561626B5ED4E004B33B6 /* AppDelegate.swift */ = {isa = PBXFileReference; lastKnownFileType = sourcecode.swift; path = AppDelegate.swift; sourceTree = "<group>"; };
		D16D561826B5ED4E004B33B6 /* SceneDelegate.swift */ = {isa = PBXFileReference; lastKnownFileType = sourcecode.swift; path = SceneDelegate.swift; sourceTree = "<group>"; };
		D16D561A26B5ED4E004B33B6 /* ListViewController.swift */ = {isa = PBXFileReference; lastKnownFileType = sourcecode.swift; path = ListViewController.swift; sourceTree = "<group>"; };
		D16D561F26B5ED52004B33B6 /* Assets.xcassets */ = {isa = PBXFileReference; lastKnownFileType = folder.assetcatalog; path = Assets.xcassets; sourceTree = "<group>"; };
		D16D562226B5ED52004B33B6 /* Base */ = {isa = PBXFileReference; lastKnownFileType = file.storyboard; name = Base; path = Base.lproj/LaunchScreen.storyboard; sourceTree = "<group>"; };
		D16D562426B5ED52004B33B6 /* Info.plist */ = {isa = PBXFileReference; lastKnownFileType = text.plist.xml; path = Info.plist; sourceTree = "<group>"; };
		D16D562926B5ED52004B33B6 /* EarthquakesTests.xctest */ = {isa = PBXFileReference; explicitFileType = wrapper.cfbundle; includeInIndex = 0; path = EarthquakesTests.xctest; sourceTree = BUILT_PRODUCTS_DIR; };
		D16D562D26B5ED52004B33B6 /* UrlBuilderTests.swift */ = {isa = PBXFileReference; lastKnownFileType = sourcecode.swift; path = UrlBuilderTests.swift; sourceTree = "<group>"; };
		D16D562F26B5ED52004B33B6 /* Info.plist */ = {isa = PBXFileReference; lastKnownFileType = text.plist.xml; path = Info.plist; sourceTree = "<group>"; };
		D16D564826B5F0EA004B33B6 /* Layout.swift */ = {isa = PBXFileReference; lastKnownFileType = sourcecode.swift; path = Layout.swift; sourceTree = "<group>"; };
		D16D564E26B5F23D004B33B6 /* Earthquake.swift */ = {isa = PBXFileReference; lastKnownFileType = sourcecode.swift; path = Earthquake.swift; sourceTree = "<group>"; };
		D16D565726B5F3D7004B33B6 /* BaseViewController.swift */ = {isa = PBXFileReference; lastKnownFileType = sourcecode.swift; path = BaseViewController.swift; sourceTree = "<group>"; };
		D16D565926B5F3EB004B33B6 /* Router.swift */ = {isa = PBXFileReference; lastKnownFileType = sourcecode.swift; path = Router.swift; sourceTree = "<group>"; };
		D16D565B26B5F41C004B33B6 /* MainRouter.swift */ = {isa = PBXFileReference; lastKnownFileType = sourcecode.swift; path = MainRouter.swift; sourceTree = "<group>"; };
		D16D565D26B5F441004B33B6 /* Assembly.swift */ = {isa = PBXFileReference; lastKnownFileType = sourcecode.swift; path = Assembly.swift; sourceTree = "<group>"; };
		D16D565F26B5F4DC004B33B6 /* ListRouter.swift */ = {isa = PBXFileReference; lastKnownFileType = sourcecode.swift; path = ListRouter.swift; sourceTree = "<group>"; };
		D16D566126B5F55D004B33B6 /* ListViewModel.swift */ = {isa = PBXFileReference; lastKnownFileType = sourcecode.swift; path = ListViewModel.swift; sourceTree = "<group>"; };
		D16D566326B5F8C2004B33B6 /* ListView.swift */ = {isa = PBXFileReference; lastKnownFileType = sourcecode.swift; path = ListView.swift; sourceTree = "<group>"; };
		D16D566526B60174004B33B6 /* NetworkService.swift */ = {isa = PBXFileReference; lastKnownFileType = sourcecode.swift; path = NetworkService.swift; sourceTree = "<group>"; };
		D16D566D26B70DC0004B33B6 /* RequestBuilder.swift */ = {isa = PBXFileReference; lastKnownFileType = sourcecode.swift; path = RequestBuilder.swift; sourceTree = "<group>"; };
		D16D566F26B72767004B33B6 /* EarthquakeEndpoint.swift */ = {isa = PBXFileReference; lastKnownFileType = sourcecode.swift; path = EarthquakeEndpoint.swift; sourceTree = "<group>"; };
		D16D567326B72FFC004B33B6 /* NetworkSession.swift */ = {isa = PBXFileReference; lastKnownFileType = sourcecode.swift; path = NetworkSession.swift; sourceTree = "<group>"; };
		D16D567526B7305E004B33B6 /* NetworkError.swift */ = {isa = PBXFileReference; lastKnownFileType = sourcecode.swift; path = NetworkError.swift; sourceTree = "<group>"; };
		D16D567726B73825004B33B6 /* EarthquakeService.swift */ = {isa = PBXFileReference; lastKnownFileType = sourcecode.swift; path = EarthquakeService.swift; sourceTree = "<group>"; };
		D16D567A26B80AA7004B33B6 /* EarthquakeTableViewCell.swift */ = {isa = PBXFileReference; lastKnownFileType = sourcecode.swift; path = EarthquakeTableViewCell.swift; sourceTree = "<group>"; };
		D16D568026B87432004B33B6 /* Font.swift */ = {isa = PBXFileReference; lastKnownFileType = sourcecode.swift; path = Font.swift; sourceTree = "<group>"; };
		D16D568226B87BCC004B33B6 /* DetailsRouter.swift */ = {isa = PBXFileReference; lastKnownFileType = sourcecode.swift; path = DetailsRouter.swift; sourceTree = "<group>"; };
		D16D568426B87C46004B33B6 /* DetailsViewModel.swift */ = {isa = PBXFileReference; lastKnownFileType = sourcecode.swift; path = DetailsViewModel.swift; sourceTree = "<group>"; };
		D16D568626B87C77004B33B6 /* DetailsViewController.swift */ = {isa = PBXFileReference; lastKnownFileType = sourcecode.swift; path = DetailsViewController.swift; sourceTree = "<group>"; };
		D16D568926B88EF0004B33B6 /* Annotation.swift */ = {isa = PBXFileReference; lastKnownFileType = sourcecode.swift; path = Annotation.swift; sourceTree = "<group>"; };
		D16D568B26B93992004B33B6 /* ViewModelTests.swift */ = {isa = PBXFileReference; lastKnownFileType = sourcecode.swift; path = ViewModelTests.swift; sourceTree = "<group>"; };
		D16D568D26B945DD004B33B6 /* ApiTests.swift */ = {isa = PBXFileReference; lastKnownFileType = sourcecode.swift; path = ApiTests.swift; sourceTree = "<group>"; };
		D16D569026C1E6A4004B33B6 /* README.md */ = {isa = PBXFileReference; lastKnownFileType = net.daringfireball.markdown; path = README.md; sourceTree = "<group>"; };
/* End PBXFileReference section */

/* Begin PBXFrameworksBuildPhase section */
		D16D561026B5ED4E004B33B6 /* Frameworks */ = {
			isa = PBXFrameworksBuildPhase;
			buildActionMask = 2147483647;
			files = (
				D16D566C26B606B4004B33B6 /* CombineCocoa in Frameworks */,
			);
			runOnlyForDeploymentPostprocessing = 0;
		};
		D16D562626B5ED52004B33B6 /* Frameworks */ = {
			isa = PBXFrameworksBuildPhase;
			buildActionMask = 2147483647;
			files = (
			);
			runOnlyForDeploymentPostprocessing = 0;
		};
/* End PBXFrameworksBuildPhase section */

/* Begin PBXGroup section */
		D16D560A26B5ED4E004B33B6 = {
			isa = PBXGroup;
			children = (
				D16D569026C1E6A4004B33B6 /* README.md */,
				D16D561526B5ED4E004B33B6 /* Earthquakes */,
				D16D562C26B5ED52004B33B6 /* EarthquakesTests */,
				D16D561426B5ED4E004B33B6 /* Products */,
			);
			sourceTree = "<group>";
		};
		D16D561426B5ED4E004B33B6 /* Products */ = {
			isa = PBXGroup;
			children = (
				D16D561326B5ED4E004B33B6 /* Earthquakes.app */,
				D16D562926B5ED52004B33B6 /* EarthquakesTests.xctest */,
			);
			name = Products;
			sourceTree = "<group>";
		};
		D16D561526B5ED4E004B33B6 /* Earthquakes */ = {
			isa = PBXGroup;
			children = (
				D16D565626B5F3B9004B33B6 /* Abstracts */,
				D16D565326B5F37D004B33B6 /* Assembly */,
				D16D564626B5F0C7004B33B6 /* Common */,
				D16D564726B5F0DA004B33B6 /* Constants */,
				D16D564D26B5F214004B33B6 /* Models */,
				D16D565426B5F388004B33B6 /* Navigation */,
				D16D565526B5F399004B33B6 /* Services */,
				D16D565026B5F365004B33B6 /* UI */,
				D16D562426B5ED52004B33B6 /* Info.plist */,
			);
			path = Earthquakes;
			sourceTree = "<group>";
		};
		D16D562C26B5ED52004B33B6 /* EarthquakesTests */ = {
			isa = PBXGroup;
			children = (
				D16D562D26B5ED52004B33B6 /* UrlBuilderTests.swift */,
				D16D568B26B93992004B33B6 /* ViewModelTests.swift */,
				D16D568D26B945DD004B33B6 /* ApiTests.swift */,
				D16D562F26B5ED52004B33B6 /* Info.plist */,
			);
			path = EarthquakesTests;
			sourceTree = "<group>";
		};
		D16D564626B5F0C7004B33B6 /* Common */ = {
			isa = PBXGroup;
			children = (
				D16D561626B5ED4E004B33B6 /* AppDelegate.swift */,
				D16D561826B5ED4E004B33B6 /* SceneDelegate.swift */,
				D16D561F26B5ED52004B33B6 /* Assets.xcassets */,
				D16D562126B5ED52004B33B6 /* LaunchScreen.storyboard */,
			);
			path = Common;
			sourceTree = "<group>";
		};
		D16D564726B5F0DA004B33B6 /* Constants */ = {
			isa = PBXGroup;
			children = (
				D16D564826B5F0EA004B33B6 /* Layout.swift */,
				D16D568026B87432004B33B6 /* Font.swift */,
			);
			path = Constants;
			sourceTree = "<group>";
		};
		D16D564D26B5F214004B33B6 /* Models */ = {
			isa = PBXGroup;
			children = (
				D16D564E26B5F23D004B33B6 /* Earthquake.swift */,
			);
			path = Models;
			sourceTree = "<group>";
		};
		D16D565026B5F365004B33B6 /* UI */ = {
			isa = PBXGroup;
			children = (
				D16D565226B5F36F004B33B6 /* Details */,
				D16D565126B5F36B004B33B6 /* List */,
			);
			path = UI;
			sourceTree = "<group>";
		};
		D16D565126B5F36B004B33B6 /* List */ = {
			isa = PBXGroup;
			children = (
				D16D567926B80A88004B33B6 /* Cell */,
				D16D566326B5F8C2004B33B6 /* ListView.swift */,
				D16D561A26B5ED4E004B33B6 /* ListViewController.swift */,
				D16D566126B5F55D004B33B6 /* ListViewModel.swift */,
			);
			path = List;
			sourceTree = "<group>";
		};
		D16D565226B5F36F004B33B6 /* Details */ = {
			isa = PBXGroup;
			children = (
				D16D568826B88EE0004B33B6 /* Annotation */,
				D16D568626B87C77004B33B6 /* DetailsViewController.swift */,
				D16D568426B87C46004B33B6 /* DetailsViewModel.swift */,
			);
			path = Details;
			sourceTree = "<group>";
		};
		D16D565326B5F37D004B33B6 /* Assembly */ = {
			isa = PBXGroup;
			children = (
				D16D565D26B5F441004B33B6 /* Assembly.swift */,
			);
			path = Assembly;
			sourceTree = "<group>";
		};
		D16D565426B5F388004B33B6 /* Navigation */ = {
			isa = PBXGroup;
			children = (
				D16D565B26B5F41C004B33B6 /* MainRouter.swift */,
				D16D565F26B5F4DC004B33B6 /* ListRouter.swift */,
				D16D568226B87BCC004B33B6 /* DetailsRouter.swift */,
			);
			path = Navigation;
			sourceTree = "<group>";
		};
		D16D565526B5F399004B33B6 /* Services */ = {
			isa = PBXGroup;
			children = (
				D16D567126B72FCC004B33B6 /* Network */,
				D16D567726B73825004B33B6 /* EarthquakeService.swift */,
			);
			path = Services;
			sourceTree = "<group>";
		};
		D16D565626B5F3B9004B33B6 /* Abstracts */ = {
			isa = PBXGroup;
			children = (
				D16D565726B5F3D7004B33B6 /* BaseViewController.swift */,
				D16D565926B5F3EB004B33B6 /* Router.swift */,
			);
			path = Abstracts;
			sourceTree = "<group>";
		};
		D16D567126B72FCC004B33B6 /* Network */ = {
			isa = PBXGroup;
			children = (
				D16D566D26B70DC0004B33B6 /* RequestBuilder.swift */,
				D16D566F26B72767004B33B6 /* EarthquakeEndpoint.swift */,
				D16D566526B60174004B33B6 /* NetworkService.swift */,
				D16D567326B72FFC004B33B6 /* NetworkSession.swift */,
				D16D567526B7305E004B33B6 /* NetworkError.swift */,
			);
			path = Network;
			sourceTree = "<group>";
		};
		D16D567926B80A88004B33B6 /* Cell */ = {
			isa = PBXGroup;
			children = (
				D16D567A26B80AA7004B33B6 /* EarthquakeTableViewCell.swift */,
			);
			path = Cell;
			sourceTree = "<group>";
		};
		D16D568826B88EE0004B33B6 /* Annotation */ = {
			isa = PBXGroup;
			children = (
				D16D568926B88EF0004B33B6 /* Annotation.swift */,
			);
			path = Annotation;
			sourceTree = "<group>";
		};
/* End PBXGroup section */

/* Begin PBXNativeTarget section */
		D16D561226B5ED4E004B33B6 /* Earthquakes */ = {
			isa = PBXNativeTarget;
			buildConfigurationList = D16D563D26B5ED52004B33B6 /* Build configuration list for PBXNativeTarget "Earthquakes" */;
			buildPhases = (
				D16D560F26B5ED4E004B33B6 /* Sources */,
				D16D561026B5ED4E004B33B6 /* Frameworks */,
				D16D561126B5ED4E004B33B6 /* Resources */,
			);
			buildRules = (
			);
			dependencies = (
			);
			name = Earthquakes;
			packageProductDependencies = (
				D16D566B26B606B4004B33B6 /* CombineCocoa */,
			);
			productName = Earthquakes;
			productReference = D16D561326B5ED4E004B33B6 /* Earthquakes.app */;
			productType = "com.apple.product-type.application";
		};
		D16D562826B5ED52004B33B6 /* EarthquakesTests */ = {
			isa = PBXNativeTarget;
			buildConfigurationList = D16D564026B5ED52004B33B6 /* Build configuration list for PBXNativeTarget "EarthquakesTests" */;
			buildPhases = (
				D16D562526B5ED52004B33B6 /* Sources */,
				D16D562626B5ED52004B33B6 /* Frameworks */,
				D16D562726B5ED52004B33B6 /* Resources */,
			);
			buildRules = (
			);
			dependencies = (
				D16D562B26B5ED52004B33B6 /* PBXTargetDependency */,
			);
			name = EarthquakesTests;
			productName = EarthquakesTests;
			productReference = D16D562926B5ED52004B33B6 /* EarthquakesTests.xctest */;
			productType = "com.apple.product-type.bundle.unit-test";
		};
/* End PBXNativeTarget section */

/* Begin PBXProject section */
		D16D560B26B5ED4E004B33B6 /* Project object */ = {
			isa = PBXProject;
			attributes = {
				LastSwiftUpdateCheck = 1250;
				LastUpgradeCheck = 1250;
				TargetAttributes = {
					D16D561226B5ED4E004B33B6 = {
						CreatedOnToolsVersion = 12.5;
					};
					D16D562826B5ED52004B33B6 = {
						CreatedOnToolsVersion = 12.5;
						TestTargetID = D16D561226B5ED4E004B33B6;
					};
				};
			};
			buildConfigurationList = D16D560E26B5ED4E004B33B6 /* Build configuration list for PBXProject "Earthquakes" */;
			compatibilityVersion = "Xcode 9.3";
			developmentRegion = en;
			hasScannedForEncodings = 0;
			knownRegions = (
				en,
				Base,
			);
			mainGroup = D16D560A26B5ED4E004B33B6;
			packageReferences = (
				D16D566A26B606B4004B33B6 /* XCRemoteSwiftPackageReference "CombineCocoa" */,
			);
			productRefGroup = D16D561426B5ED4E004B33B6 /* Products */;
			projectDirPath = "";
			projectRoot = "";
			targets = (
				D16D561226B5ED4E004B33B6 /* Earthquakes */,
				D16D562826B5ED52004B33B6 /* EarthquakesTests */,
			);
		};
/* End PBXProject section */

/* Begin PBXResourcesBuildPhase section */
		D16D561126B5ED4E004B33B6 /* Resources */ = {
			isa = PBXResourcesBuildPhase;
			buildActionMask = 2147483647;
			files = (
				D16D562326B5ED52004B33B6 /* LaunchScreen.storyboard in Resources */,
				D16D562026B5ED52004B33B6 /* Assets.xcassets in Resources */,
			);
			runOnlyForDeploymentPostprocessing = 0;
		};
		D16D562726B5ED52004B33B6 /* Resources */ = {
			isa = PBXResourcesBuildPhase;
			buildActionMask = 2147483647;
			files = (
			);
			runOnlyForDeploymentPostprocessing = 0;
		};
/* End PBXResourcesBuildPhase section */

/* Begin PBXSourcesBuildPhase section */
		D16D560F26B5ED4E004B33B6 /* Sources */ = {
			isa = PBXSourcesBuildPhase;
			buildActionMask = 2147483647;
			files = (
				D16D567626B7305E004B33B6 /* NetworkError.swift in Sources */,
				D16D568726B87C77004B33B6 /* DetailsViewController.swift in Sources */,
				D16D566E26B70DC0004B33B6 /* RequestBuilder.swift in Sources */,
				D16D565A26B5F3EC004B33B6 /* Router.swift in Sources */,
				D16D566426B5F8C2004B33B6 /* ListView.swift in Sources */,
				D16D567826B73825004B33B6 /* EarthquakeService.swift in Sources */,
				D16D565E26B5F441004B33B6 /* Assembly.swift in Sources */,
				D16D561B26B5ED4E004B33B6 /* ListViewController.swift in Sources */,
				D16D568526B87C46004B33B6 /* DetailsViewModel.swift in Sources */,
				D16D564926B5F0EA004B33B6 /* Layout.swift in Sources */,
				D16D566026B5F4DC004B33B6 /* ListRouter.swift in Sources */,
				D16D567B26B80AA7004B33B6 /* EarthquakeTableViewCell.swift in Sources */,
				D16D566626B60174004B33B6 /* NetworkService.swift in Sources */,
				D16D561726B5ED4E004B33B6 /* AppDelegate.swift in Sources */,
				D16D568126B87432004B33B6 /* Font.swift in Sources */,
				D16D568326B87BCC004B33B6 /* DetailsRouter.swift in Sources */,
				D16D566226B5F55D004B33B6 /* ListViewModel.swift in Sources */,
				D16D561926B5ED4E004B33B6 /* SceneDelegate.swift in Sources */,
				D16D564F26B5F23D004B33B6 /* Earthquake.swift in Sources */,
				D16D565826B5F3D7004B33B6 /* BaseViewController.swift in Sources */,
				D16D567426B72FFC004B33B6 /* NetworkSession.swift in Sources */,
				D16D565C26B5F41C004B33B6 /* MainRouter.swift in Sources */,
				D16D568A26B88EF0004B33B6 /* Annotation.swift in Sources */,
				D16D567026B72767004B33B6 /* EarthquakeEndpoint.swift in Sources */,
			);
			runOnlyForDeploymentPostprocessing = 0;
		};
		D16D562526B5ED52004B33B6 /* Sources */ = {
			isa = PBXSourcesBuildPhase;
			buildActionMask = 2147483647;
			files = (
				D16D568C26B93992004B33B6 /* ViewModelTests.swift in Sources */,
				D16D568E26B945DD004B33B6 /* ApiTests.swift in Sources */,
				D16D562E26B5ED52004B33B6 /* UrlBuilderTests.swift in Sources */,
			);
			runOnlyForDeploymentPostprocessing = 0;
		};
/* End PBXSourcesBuildPhase section */

/* Begin PBXTargetDependency section */
		D16D562B26B5ED52004B33B6 /* PBXTargetDependency */ = {
			isa = PBXTargetDependency;
			target = D16D561226B5ED4E004B33B6 /* Earthquakes */;
			targetProxy = D16D562A26B5ED52004B33B6 /* PBXContainerItemProxy */;
		};
/* End PBXTargetDependency section */

/* Begin PBXVariantGroup section */
		D16D562126B5ED52004B33B6 /* LaunchScreen.storyboard */ = {
			isa = PBXVariantGroup;
			children = (
				D16D562226B5ED52004B33B6 /* Base */,
			);
			name = LaunchScreen.storyboard;
			sourceTree = "<group>";
		};
/* End PBXVariantGroup section */

/* Begin XCBuildConfiguration section */
		D16D563B26B5ED52004B33B6 /* Debug */ = {
			isa = XCBuildConfiguration;
			buildSettings = {
				ALWAYS_SEARCH_USER_PATHS = NO;
				CLANG_ANALYZER_NONNULL = YES;
				CLANG_ANALYZER_NUMBER_OBJECT_CONVERSION = YES_AGGRESSIVE;
				CLANG_CXX_LANGUAGE_STANDARD = "gnu++14";
				CLANG_CXX_LIBRARY = "libc++";
				CLANG_ENABLE_MODULES = YES;
				CLANG_ENABLE_OBJC_ARC = YES;
				CLANG_ENABLE_OBJC_WEAK = YES;
				CLANG_WARN_BLOCK_CAPTURE_AUTORELEASING = YES;
				CLANG_WARN_BOOL_CONVERSION = YES;
				CLANG_WARN_COMMA = YES;
				CLANG_WARN_CONSTANT_CONVERSION = YES;
				CLANG_WARN_DEPRECATED_OBJC_IMPLEMENTATIONS = YES;
				CLANG_WARN_DIRECT_OBJC_ISA_USAGE = YES_ERROR;
				CLANG_WARN_DOCUMENTATION_COMMENTS = YES;
				CLANG_WARN_EMPTY_BODY = YES;
				CLANG_WARN_ENUM_CONVERSION = YES;
				CLANG_WARN_INFINITE_RECURSION = YES;
				CLANG_WARN_INT_CONVERSION = YES;
				CLANG_WARN_NON_LITERAL_NULL_CONVERSION = YES;
				CLANG_WARN_OBJC_IMPLICIT_RETAIN_SELF = YES;
				CLANG_WARN_OBJC_LITERAL_CONVERSION = YES;
				CLANG_WARN_OBJC_ROOT_CLASS = YES_ERROR;
				CLANG_WARN_QUOTED_INCLUDE_IN_FRAMEWORK_HEADER = YES;
				CLANG_WARN_RANGE_LOOP_ANALYSIS = YES;
				CLANG_WARN_STRICT_PROTOTYPES = YES;
				CLANG_WARN_SUSPICIOUS_MOVE = YES;
				CLANG_WARN_UNGUARDED_AVAILABILITY = YES_AGGRESSIVE;
				CLANG_WARN_UNREACHABLE_CODE = YES;
				CLANG_WARN__DUPLICATE_METHOD_MATCH = YES;
				COPY_PHASE_STRIP = NO;
				DEBUG_INFORMATION_FORMAT = dwarf;
				ENABLE_STRICT_OBJC_MSGSEND = YES;
				ENABLE_TESTABILITY = YES;
				GCC_C_LANGUAGE_STANDARD = gnu11;
				GCC_DYNAMIC_NO_PIC = NO;
				GCC_NO_COMMON_BLOCKS = YES;
				GCC_OPTIMIZATION_LEVEL = 0;
				GCC_PREPROCESSOR_DEFINITIONS = (
					"DEBUG=1",
					"$(inherited)",
				);
				GCC_WARN_64_TO_32_BIT_CONVERSION = YES;
				GCC_WARN_ABOUT_RETURN_TYPE = YES_ERROR;
				GCC_WARN_UNDECLARED_SELECTOR = YES;
				GCC_WARN_UNINITIALIZED_AUTOS = YES_AGGRESSIVE;
				GCC_WARN_UNUSED_FUNCTION = YES;
				GCC_WARN_UNUSED_VARIABLE = YES;
				IPHONEOS_DEPLOYMENT_TARGET = 14.5;
				MTL_ENABLE_DEBUG_INFO = INCLUDE_SOURCE;
				MTL_FAST_MATH = YES;
				ONLY_ACTIVE_ARCH = YES;
				SDKROOT = iphoneos;
				SWIFT_ACTIVE_COMPILATION_CONDITIONS = DEBUG;
				SWIFT_OPTIMIZATION_LEVEL = "-Onone";
			};
			name = Debug;
		};
		D16D563C26B5ED52004B33B6 /* Release */ = {
			isa = XCBuildConfiguration;
			buildSettings = {
				ALWAYS_SEARCH_USER_PATHS = NO;
				CLANG_ANALYZER_NONNULL = YES;
				CLANG_ANALYZER_NUMBER_OBJECT_CONVERSION = YES_AGGRESSIVE;
				CLANG_CXX_LANGUAGE_STANDARD = "gnu++14";
				CLANG_CXX_LIBRARY = "libc++";
				CLANG_ENABLE_MODULES = YES;
				CLANG_ENABLE_OBJC_ARC = YES;
				CLANG_ENABLE_OBJC_WEAK = YES;
				CLANG_WARN_BLOCK_CAPTURE_AUTORELEASING = YES;
				CLANG_WARN_BOOL_CONVERSION = YES;
				CLANG_WARN_COMMA = YES;
				CLANG_WARN_CONSTANT_CONVERSION = YES;
				CLANG_WARN_DEPRECATED_OBJC_IMPLEMENTATIONS = YES;
				CLANG_WARN_DIRECT_OBJC_ISA_USAGE = YES_ERROR;
				CLANG_WARN_DOCUMENTATION_COMMENTS = YES;
				CLANG_WARN_EMPTY_BODY = YES;
				CLANG_WARN_ENUM_CONVERSION = YES;
				CLANG_WARN_INFINITE_RECURSION = YES;
				CLANG_WARN_INT_CONVERSION = YES;
				CLANG_WARN_NON_LITERAL_NULL_CONVERSION = YES;
				CLANG_WARN_OBJC_IMPLICIT_RETAIN_SELF = YES;
				CLANG_WARN_OBJC_LITERAL_CONVERSION = YES;
				CLANG_WARN_OBJC_ROOT_CLASS = YES_ERROR;
				CLANG_WARN_QUOTED_INCLUDE_IN_FRAMEWORK_HEADER = YES;
				CLANG_WARN_RANGE_LOOP_ANALYSIS = YES;
				CLANG_WARN_STRICT_PROTOTYPES = YES;
				CLANG_WARN_SUSPICIOUS_MOVE = YES;
				CLANG_WARN_UNGUARDED_AVAILABILITY = YES_AGGRESSIVE;
				CLANG_WARN_UNREACHABLE_CODE = YES;
				CLANG_WARN__DUPLICATE_METHOD_MATCH = YES;
				COPY_PHASE_STRIP = NO;
				DEBUG_INFORMATION_FORMAT = "dwarf-with-dsym";
				ENABLE_NS_ASSERTIONS = NO;
				ENABLE_STRICT_OBJC_MSGSEND = YES;
				GCC_C_LANGUAGE_STANDARD = gnu11;
				GCC_NO_COMMON_BLOCKS = YES;
				GCC_WARN_64_TO_32_BIT_CONVERSION = YES;
				GCC_WARN_ABOUT_RETURN_TYPE = YES_ERROR;
				GCC_WARN_UNDECLARED_SELECTOR = YES;
				GCC_WARN_UNINITIALIZED_AUTOS = YES_AGGRESSIVE;
				GCC_WARN_UNUSED_FUNCTION = YES;
				GCC_WARN_UNUSED_VARIABLE = YES;
				IPHONEOS_DEPLOYMENT_TARGET = 14.5;
				MTL_ENABLE_DEBUG_INFO = NO;
				MTL_FAST_MATH = YES;
				SDKROOT = iphoneos;
				SWIFT_COMPILATION_MODE = wholemodule;
				SWIFT_OPTIMIZATION_LEVEL = "-O";
				VALIDATE_PRODUCT = YES;
			};
			name = Release;
		};
		D16D563E26B5ED52004B33B6 /* Debug */ = {
			isa = XCBuildConfiguration;
			buildSettings = {
				ASSETCATALOG_COMPILER_APPICON_NAME = AppIcon;
				ASSETCATALOG_COMPILER_GLOBAL_ACCENT_COLOR_NAME = AccentColor;
				CODE_SIGN_STYLE = Automatic;
				DEVELOPMENT_TEAM = C46434T648;
				INFOPLIST_FILE = Earthquakes/Info.plist;
				LD_RUNPATH_SEARCH_PATHS = (
					"$(inherited)",
					"@executable_path/Frameworks",
				);
				PRODUCT_BUNDLE_IDENTIFIER = com.clientapp.Earthquakes;
				PRODUCT_NAME = "$(TARGET_NAME)";
				SWIFT_VERSION = 5.0;
				TARGETED_DEVICE_FAMILY = "1,2";
			};
			name = Debug;
		};
		D16D563F26B5ED52004B33B6 /* Release */ = {
			isa = XCBuildConfiguration;
			buildSettings = {
				ASSETCATALOG_COMPILER_APPICON_NAME = AppIcon;
				ASSETCATALOG_COMPILER_GLOBAL_ACCENT_COLOR_NAME = AccentColor;
				CODE_SIGN_STYLE = Automatic;
				DEVELOPMENT_TEAM = C46434T648;
				INFOPLIST_FILE = Earthquakes/Info.plist;
				LD_RUNPATH_SEARCH_PATHS = (
					"$(inherited)",
					"@executable_path/Frameworks",
				);
				PRODUCT_BUNDLE_IDENTIFIER = com.clientapp.Earthquakes;
				PRODUCT_NAME = "$(TARGET_NAME)";
				SWIFT_VERSION = 5.0;
				TARGETED_DEVICE_FAMILY = "1,2";
			};
			name = Release;
		};
		D16D564126B5ED52004B33B6 /* Debug */ = {
			isa = XCBuildConfiguration;
			buildSettings = {
				ALWAYS_EMBED_SWIFT_STANDARD_LIBRARIES = YES;
				BUNDLE_LOADER = "$(TEST_HOST)";
				CODE_SIGN_STYLE = Automatic;
				DEVELOPMENT_TEAM = 97ZYQX3JJ7;
				INFOPLIST_FILE = EarthquakesTests/Info.plist;
				IPHONEOS_DEPLOYMENT_TARGET = 14.5;
				LD_RUNPATH_SEARCH_PATHS = (
					"$(inherited)",
					"@executable_path/Frameworks",
					"@loader_path/Frameworks",
				);
				PRODUCT_BUNDLE_IDENTIFIER = com.clientapp.EarthquakesTests;
				PRODUCT_NAME = "$(TARGET_NAME)";
				SWIFT_VERSION = 5.0;
				TARGETED_DEVICE_FAMILY = "1,2";
				TEST_HOST = "$(BUILT_PRODUCTS_DIR)/Earthquakes.app/Earthquakes";
			};
			name = Debug;
		};
		D16D564226B5ED52004B33B6 /* Release */ = {
			isa = XCBuildConfiguration;
			buildSettings = {
				ALWAYS_EMBED_SWIFT_STANDARD_LIBRARIES = YES;
				BUNDLE_LOADER = "$(TEST_HOST)";
				CODE_SIGN_STYLE = Automatic;
				DEVELOPMENT_TEAM = 97ZYQX3JJ7;
				INFOPLIST_FILE = EarthquakesTests/Info.plist;
				IPHONEOS_DEPLOYMENT_TARGET = 14.5;
				LD_RUNPATH_SEARCH_PATHS = (
					"$(inherited)",
					"@executable_path/Frameworks",
					"@loader_path/Frameworks",
				);
				PRODUCT_BUNDLE_IDENTIFIER = com.clientapp.EarthquakesTests;
				PRODUCT_NAME = "$(TARGET_NAME)";
				SWIFT_VERSION = 5.0;
				TARGETED_DEVICE_FAMILY = "1,2";
				TEST_HOST = "$(BUILT_PRODUCTS_DIR)/Earthquakes.app/Earthquakes";
			};
			name = Release;
		};
/* End XCBuildConfiguration section */

/* Begin XCConfigurationList section */
		D16D560E26B5ED4E004B33B6 /* Build configuration list for PBXProject "Earthquakes" */ = {
			isa = XCConfigurationList;
			buildConfigurations = (
				D16D563B26B5ED52004B33B6 /* Debug */,
				D16D563C26B5ED52004B33B6 /* Release */,
			);
			defaultConfigurationIsVisible = 0;
			defaultConfigurationName = Release;
		};
		D16D563D26B5ED52004B33B6 /* Build configuration list for PBXNativeTarget "Earthquakes" */ = {
			isa = XCConfigurationList;
			buildConfigurations = (
				D16D563E26B5ED52004B33B6 /* Debug */,
				D16D563F26B5ED52004B33B6 /* Release */,
			);
			defaultConfigurationIsVisible = 0;
			defaultConfigurationName = Release;
		};
		D16D564026B5ED52004B33B6 /* Build configuration list for PBXNativeTarget "EarthquakesTests" */ = {
			isa = XCConfigurationList;
			buildConfigurations = (
				D16D564126B5ED52004B33B6 /* Debug */,
				D16D564226B5ED52004B33B6 /* Release */,
			);
			defaultConfigurationIsVisible = 0;
			defaultConfigurationName = Release;
		};
/* End XCConfigurationList section */

/* Begin XCRemoteSwiftPackageReference section */
		D16D566A26B606B4004B33B6 /* XCRemoteSwiftPackageReference "CombineCocoa" */ = {
			isa = XCRemoteSwiftPackageReference;
			repositoryURL = "https://github.com/CombineCommunity/CombineCocoa.git";
			requirement = {
				kind = upToNextMajorVersion;
				minimumVersion = 0.3.0;
			};
		};
/* End XCRemoteSwiftPackageReference section */

/* Begin XCSwiftPackageProductDependency section */
		D16D566B26B606B4004B33B6 /* CombineCocoa */ = {
			isa = XCSwiftPackageProductDependency;
			package = D16D566A26B606B4004B33B6 /* XCRemoteSwiftPackageReference "CombineCocoa" */;
			productName = CombineCocoa;
		};
/* End XCSwiftPackageProductDependency section */
	};
	rootObject = D16D560B26B5ED4E004B33B6 /* Project object */;
}
